
Microsoft Visual Studio Solution File, Format Version 12.00
# Visual Studio Version 17
VisualStudioVersion = 17.9.34310.174
MinimumVisualStudioVersion = 10.0.40219.1
Project("{FAE04EC0-301F-11D3-BF4B-00C04F79EFBC}") = "BilLab-Final", "BilLab-Final\BilLab-Final.csproj", "{948376DF-733C-4841-B771-91B96D7F078A}"
EndProject
Global
	GlobalSection(SolutionConfigurationPlatforms) = preSolution
		Debug|Any CPU = Debug|Any CPU
		Release|Any CPU = Release|Any CPU
	EndGlobalSection
	GlobalSection(ProjectConfigurationPlatforms) = postSolution
		{948376DF-733C-4841-B771-91B96D7F078A}.Debug|Any CPU.ActiveCfg = Debug|Any CPU
		{948376DF-733C-4841-B771-91B96D7F078A}.Debug|Any CPU.Build.0 = Debug|Any CPU
		{948376DF-733C-4841-B771-91B96D7F078A}.Release|Any CPU.ActiveCfg = Release|Any CPU
		{948376DF-733C-4841-B771-91B96D7F078A}.Release|Any CPU.Build.0 = Release|Any CPU
	EndGlobalSection
	GlobalSection(SolutionProperties) = preSolution
		HideSolutionNode = FALSE
	EndGlobalSection
	GlobalSection(ExtensibilityGlobals) = postSolution
		SolutionGuid = {DAE2E413-840F-4CFF-8EF1-83A955E7ED19}
	EndGlobalSection
EndGlobal
